lockfileVersion: '6.0'

settings:
  autoInstallPeers: true
  excludeLinksFromLockfile: false

importers:

  .:
    dependencies:
      '@biomejs/biome':
        specifier: ^1.7.0
        version: 1.7.0
    devDependencies:
      turbo:
        specifier: latest
        version: 1.13.2

packages:

  /@biomejs/biome@1.7.0:
    resolution: {integrity: sha512-mejiRhnAq6UrXtYvjWJUKdstcT58n0/FfKemFf3d2Ou0HxOdS88HQmWtQ/UgyZvOEPD572YbFTb6IheyROpqkw==}
    engines: {node: '>=14.21.3'}
    hasBin: true
    requiresBuild: true
    optionalDependencies:
      '@biomejs/cli-darwin-arm64': 1.7.0
      '@biomejs/cli-darwin-x64': 1.7.0
      '@biomejs/cli-linux-arm64': 1.7.0
      '@biomejs/cli-linux-arm64-musl': 1.7.0
      '@biomejs/cli-linux-x64': 1.7.0
      '@biomejs/cli-linux-x64-musl': 1.7.0
      '@biomejs/cli-win32-arm64': 1.7.0
      '@biomejs/cli-win32-x64': 1.7.0
    dev: false

  /@biomejs/cli-darwin-arm64@1.7.0:
    resolution: {integrity: sha512-12TaeaKHU4SAZt0fQJ2bYk1jUb4foope7LmgDE5p3c0uMxd3mFkg1k7G721T+K6UHYULcSOQDsNNM8DhYi8Irg==}
    engines: {node: '>=14.21.3'}
    cpu: [arm64]
    os: [darwin]
    requiresBuild: true
    dev: false
    optional: true

  /@biomejs/cli-darwin-x64@1.7.0:
    resolution: {integrity: sha512-6Qq1BSIB0cpp0cQNqO/+EiUV7FE3jMpF6w7+AgIBXp0oJxUWb2Ff0RDZdO9bfzkimXD58j0vGpNHMGnCcjDV2Q==}
    engines: {node: '>=14.21.3'}
    cpu: [x64]
    os: [darwin]
    requiresBuild: true
    dev: false
    optional: true

  /@biomejs/cli-linux-arm64-musl@1.7.0:
    resolution: {integrity: sha512-pwIY80nU7SAxrVVZ6HD9ah1pruwh9ZqlSR0Nvbg4ZJqQa0POhiB+RJx7+/1Ml2mTZdrl8kb/YiwQpD16uwb5wg==}
    engines: {node: '>=14.21.3'}
    cpu: [arm64]
    os: [linux]
    requiresBuild: true
    dev: false
    optional: true

  /@biomejs/cli-linux-arm64@1.7.0:
    resolution: {integrity: sha512-GwSci7xBJ2j1CrdDXDUVXnUtrvypEz/xmiYPpFeVdlX5p95eXx+7FekPPbJfhGGw5WKSsKZ+V8AAlbN+kUwJWw==}
    engines: {node: '>=14.21.3'}
    cpu: [arm64]
    os: [linux]
    requiresBuild: true
    dev: false
    optional: true

  /@biomejs/cli-linux-x64-musl@1.7.0:
    resolution: {integrity: sha512-KzCA0mW4LSbCd7XZWaEJvTOTTBjfJoVEXkfq1fsXxww1HB+ww5PGMbhbIcbYCsj2CTJUifeD5hOkyuBVppU1xQ==}
    engines: {node: '>=14.21.3'}
    cpu: [x64]
    os: [linux]
    requiresBuild: true
    dev: false
    optional: true

  /@biomejs/cli-linux-x64@1.7.0:
    resolution: {integrity: sha512-1y+odKQsyHcw0JCGRuqhbx7Y6jxOVSh4lGIVDdJxW1b55yD22DY1kcMEfhUte6f95OIc2uqfkwtiI6xQAiZJdw==}
    engines: {node: '>=14.21.3'}
    cpu: [x64]
    os: [linux]
    requiresBuild: true
    dev: false
    optional: true

  /@biomejs/cli-win32-arm64@1.7.0:
    resolution: {integrity: sha512-AvLDUYZBpOUFgS/mni4VruIoVV3uSGbKSkZQBPXsHgL0w4KttLll3NBrVanmWxOHsom6C6ocHLyfAY8HUc8TXg==}
    engines: {node: '>=14.21.3'}
    cpu: [arm64]
    os: [win32]
    requiresBuild: true
    dev: false
    optional: true

  /@biomejs/cli-win32-x64@1.7.0:
    resolution: {integrity: sha512-Pylm00BAAuLVb40IH9PC17432BTsY8K4pSUvhvgR1eaalnMaD6ug9SYJTTzKDbT6r24MPAGCTiSZERyhGkGzFQ==}
    engines: {node: '>=14.21.3'}
    cpu: [x64]
    os: [win32]
    requiresBuild: true
    dev: false
    optional: true

  /turbo-darwin-64@1.13.2:
    resolution: {integrity: sha512-CCSuD8CfmtncpohCuIgq7eAzUas0IwSbHfI8/Q3vKObTdXyN8vAo01gwqXjDGpzG9bTEVedD0GmLbD23dR0MLA==}
    cpu: [x64]
    os: [darwin]
    requiresBuild: true
    dev: true
    optional: true

  /turbo-darwin-arm64@1.13.2:
    resolution: {integrity: sha512-0HySm06/D2N91rJJ89FbiI/AodmY8B3WDSFTVEpu2+8spUw7hOJ8okWOT0e5iGlyayUP9gr31eOeL3VFZkpfCw==}
    cpu: [arm64]
    os: [darwin]
    requiresBuild: true
    dev: true
    optional: true

  /turbo-linux-64@1.13.2:
    resolution: {integrity: sha512-7HnibgbqZrjn4lcfIouzlPu8ZHSBtURG4c7Bedu7WJUDeZo+RE1crlrQm8wuwO54S0siYqUqo7GNHxu4IXbioQ==}
    cpu: [x64]
    os: [linux]
    requiresBuild: true
    dev: true
    optional: true

  /turbo-linux-arm64@1.13.2:
    resolution: {integrity: sha512-sUq4dbpk6SNKg/Hkwn256Vj2AEYSQdG96repio894h5/LEfauIK2QYiC/xxAeW3WBMc6BngmvNyURIg7ltrePg==}
    cpu: [arm64]
    os: [linux]
    requiresBuild: true
    dev: true
    optional: true

  /turbo-windows-64@1.13.2:
    resolution: {integrity: sha512-DqzhcrciWq3dpzllJR2VVIyOhSlXYCo4mNEWl98DJ3FZ08PEzcI3ceudlH6F0t/nIcfSItK1bDP39cs7YoZHEA==}
    cpu: [x64]
    os: [win32]
    requiresBuild: true
    dev: true
    optional: true

  /turbo-windows-arm64@1.13.2:
    resolution: {integrity: sha512-WnPMrwfCXxK69CdDfS1/j2DlzcKxSmycgDAqV0XCYpK/812KB0KlvsVAt5PjEbZGXkY88pCJ1BLZHAjF5FcbqA==}
    cpu: [arm64]
    os: [win32]
    requiresBuild: true
    dev: true
    optional: true

  /turbo@1.13.2:
    resolution: {integrity: sha512-rX/d9f4MgRT3yK6cERPAkfavIxbpBZowDQpgvkYwGMGDQ0Nvw1nc0NVjruE76GrzXQqoxR1UpnmEP54vBARFHQ==}
    hasBin: true
    optionalDependencies:
      turbo-darwin-64: 1.13.2
      turbo-darwin-arm64: 1.13.2
      turbo-linux-64: 1.13.2
      turbo-linux-arm64: 1.13.2
      turbo-windows-64: 1.13.2
      turbo-windows-arm64: 1.13.2
    dev: true
